{
  "name": "backend",
  "version": "1.0.0",
  "scripts": {
    "build": "tsc",
    "start": "node dist/server.js",
    "dev": "ts-node-dev --respawn --transpile-only src/server.ts",
    "vercel-build": "tsc" 
  },
  "dependencies": {
    "@google/generative-ai": "^0.24.1",
    "@notionhq/client": "^5.9.0",
    "cors": "^2.8.6",
    "dotenv": "^17.2.3",
    "express": "^5.2.1"
  },
  "devDependencies": {
    "typescript": "^5.9.3",
    "@types/node": "^25.2.0",
    "@types/express": "^5.0.6"
  }
}
